
Microsoft Visual Studio Solution File, Format Version 12.00
# Visual Studio Version 17
VisualStudioVersion = 17.13.35825.156 d17.13
MinimumVisualStudioVersion = 10.0.40219.1
Project("{FAE04EC0-301F-11D3-BF4B-00C04F79EFBC}") = "PorcelainInventoryApp", "PorcelainInventoryApp\PorcelainInventoryApp.csproj", "{BDB22EC5-D85D-4521-9F39-110AAC2A82AB}"
EndProject
Project("{FAE04EC0-301F-11D3-BF4B-00C04F79EFBC}") = "AppService", "AppService\AppService.csproj", "{48BE43FF-E8CD-4944-9F6C-E5FB711C93D9}"
EndProject
Project("{FAE04EC0-301F-11D3-BF4B-00C04F79EFBC}") = "Domain", "Domain\Domain.csproj", "{1346ACCB-7037-4149-B664-A8EF5DD49391}"
EndProject
Project("{FAE04EC0-301F-11D3-BF4B-00C04F79EFBC}") = "Infrastructure", "Infrastructure\Infrastructure.csproj", "{1D073CD7-C66E-4D7A-8905-9268338C7825}"
EndProject
Project("{FAE04EC0-301F-11D3-BF4B-00C04F79EFBC}") = "Test", "Test\Test.csproj", "{AFA75E22-508B-4981-BCB3-F332C3C6ADF0}"
EndProject
Global
	GlobalSection(SolutionConfigurationPlatforms) = preSolution
		Debug|Any CPU = Debug|Any CPU
		Release|Any CPU = Release|Any CPU
	EndGlobalSection
	GlobalSection(ProjectConfigurationPlatforms) = postSolution
		{BDB22EC5-D85D-4521-9F39-110AAC2A82AB}.Debug|Any CPU.ActiveCfg = Debug|Any CPU
		{BDB22EC5-D85D-4521-9F39-110AAC2A82AB}.Debug|Any CPU.Build.0 = Debug|Any CPU
		{BDB22EC5-D85D-4521-9F39-110AAC2A82AB}.Release|Any CPU.ActiveCfg = Release|Any CPU
		{BDB22EC5-D85D-4521-9F39-110AAC2A82AB}.Release|Any CPU.Build.0 = Release|Any CPU
		{48BE43FF-E8CD-4944-9F6C-E5FB711C93D9}.Debug|Any CPU.ActiveCfg = Debug|Any CPU
		{48BE43FF-E8CD-4944-9F6C-E5FB711C93D9}.Debug|Any CPU.Build.0 = Debug|Any CPU
		{48BE43FF-E8CD-4944-9F6C-E5FB711C93D9}.Release|Any CPU.ActiveCfg = Release|Any CPU
		{48BE43FF-E8CD-4944-9F6C-E5FB711C93D9}.Release|Any CPU.Build.0 = Release|Any CPU
		{1346ACCB-7037-4149-B664-A8EF5DD49391}.Debug|Any CPU.ActiveCfg = Debug|Any CPU
		{1346ACCB-7037-4149-B664-A8EF5DD49391}.Debug|Any CPU.Build.0 = Debug|Any CPU
		{1346ACCB-7037-4149-B664-A8EF5DD49391}.Release|Any CPU.ActiveCfg = Release|Any CPU
		{1346ACCB-7037-4149-B664-A8EF5DD49391}.Release|Any CPU.Build.0 = Release|Any CPU
		{1D073CD7-C66E-4D7A-8905-9268338C7825}.Debug|Any CPU.ActiveCfg = Debug|Any CPU
		{1D073CD7-C66E-4D7A-8905-9268338C7825}.Debug|Any CPU.Build.0 = Debug|Any CPU
		{1D073CD7-C66E-4D7A-8905-9268338C7825}.Release|Any CPU.ActiveCfg = Release|Any CPU
		{1D073CD7-C66E-4D7A-8905-9268338C7825}.Release|Any CPU.Build.0 = Release|Any CPU
		{AFA75E22-508B-4981-BCB3-F332C3C6ADF0}.Debug|Any CPU.ActiveCfg = Debug|Any CPU
		{AFA75E22-508B-4981-BCB3-F332C3C6ADF0}.Debug|Any CPU.Build.0 = Debug|Any CPU
		{AFA75E22-508B-4981-BCB3-F332C3C6ADF0}.Release|Any CPU.ActiveCfg = Release|Any CPU
		{AFA75E22-508B-4981-BCB3-F332C3C6ADF0}.Release|Any CPU.Build.0 = Release|Any CPU
	EndGlobalSection
	GlobalSection(SolutionProperties) = preSolution
		HideSolutionNode = FALSE
	EndGlobalSection
	GlobalSection(ExtensibilityGlobals) = postSolution
		SolutionGuid = {BCB7C5AB-7CDB-45A7-B446-1456BA6B1BEE}
	EndGlobalSection
EndGlobal
